
Microsoft Visual Studio Solution File, Format Version 12.00
# Visual Studio Version 16
VisualStudioVersion = 16.0.29324.140
MinimumVisualStudioVersion = 10.0.40219.1
Project("{888888A0-9F3D-457C-B088-3A5042F75D52}") = "PythonIf", "PythonIf\PythonIf.pyproj", "{3991A4EF-5885-45E3-88F2-353666CF40CF}"
EndProject
Global
	GlobalSection(SolutionConfigurationPlatforms) = preSolution
		Debug|Any CPU = Debug|Any CPU
		Release|Any CPU = Release|Any CPU
	EndGlobalSection
	GlobalSection(ProjectConfigurationPlatforms) = postSolution
		{3991A4EF-5885-45E3-88F2-353666CF40CF}.Debug|Any CPU.ActiveCfg = Debug|Any CPU
		{3991A4EF-5885-45E3-88F2-353666CF40CF}.Release|Any CPU.ActiveCfg = Release|Any CPU
	EndGlobalSection
	GlobalSection(SolutionProperties) = preSolution
		HideSolutionNode = FALSE
	EndGlobalSection
	GlobalSection(ExtensibilityGlobals) = postSolution
		SolutionGuid = {B2EEB4DC-24DB-49D6-995D-1BEC1A84D1CA}
	EndGlobalSection
EndGlobal
