
Microsoft Visual Studio Solution File, Format Version 12.00
# Visual Studio Version 16
VisualStudioVersion = 16.0.29326.143
MinimumVisualStudioVersion = 10.0.40219.1
Project("{888888A0-9F3D-457C-B088-3A5042F75D52}") = "Pythonforloops", "Pythonforloops\Pythonforloops.pyproj", "{3ECF15D8-F280-4073-8D10-3BB07B5ACE8A}"
EndProject
Global
	GlobalSection(SolutionConfigurationPlatforms) = preSolution
		Debug|Any CPU = Debug|Any CPU
		Release|Any CPU = Release|Any CPU
	EndGlobalSection
	GlobalSection(ProjectConfigurationPlatforms) = postSolution
		{3ECF15D8-F280-4073-8D10-3BB07B5ACE8A}.Debug|Any CPU.ActiveCfg = Debug|Any CPU
		{3ECF15D8-F280-4073-8D10-3BB07B5ACE8A}.Release|Any CPU.ActiveCfg = Release|Any CPU
	EndGlobalSection
	GlobalSection(SolutionProperties) = preSolution
		HideSolutionNode = FALSE
	EndGlobalSection
	GlobalSection(ExtensibilityGlobals) = postSolution
		SolutionGuid = {14FA696F-12DB-4884-B5DC-82DDF7964300}
	EndGlobalSection
EndGlobal
